<?xml version="1.0" encoding="utf-8"?>
<Project ToolsVersion="4.0" xmlns="http://schemas.microsoft.com/developer/msbuild/2003">
  <ItemGroup>
    <Filter Include="Source Files">
      <UniqueIdentifier>{4FC737F1-C7A5-4376-A066-2A32D752A2FF}</UniqueIdentifier>
      <Extensions>cpp;c;cc;cxx;def;odl;idl;hpj;bat;asm;asmx</Extensions>
    </Filter>
    <Filter Include="Header Files">
      <UniqueIdentifier>{93995380-89BD-4b04-88EB-625FBE52EBFB}</UniqueIdentifier>
      <Extensions>h;hh;hpp;hxx;hm;inl;inc;ipp;xsd</Extensions>
    </Filter>
    <Filter Include="Resource Files">
      <UniqueIdentifier>{67DA6AB6-F800-4c08-8B7A-83BB121AAD01}</UniqueIdentifier>
      <Extensions>rc;ico;cur;bmp;dlg;rc2;rct;bin;rgs;gif;jpg;jpeg;jpe;resx;tiff;tif;png;wav;mfcribbon-ms</Extensions>
    </Filter>
    <Filter Include="Header Files\Map">
      <UniqueIdentifier>{0cce3668-2c38-4c29-b3b4-cdd83772004c}</UniqueIdentifier>
    </Filter>
    <Filter Include="Source Files\Map">
      <UniqueIdentifier>{67d15661-aab8-47fd-8afb-9f972472889c}</UniqueIdentifier>
    </Filter>
    <Filter Include="Header Files\Player">
      <UniqueIdentifier>{99f43653-7416-4c9d-a820-fec03ae9a3a7}</UniqueIdentifier>
    </Filter>
    <Filter Include="Source Files\Player">
      <UniqueIdentifier>{1e38785d-d4c4-4378-8bd4-03af826e1626}</UniqueIdentifier>
    </Filter>
    <Filter Include="Header Files\Ghost">
      <UniqueIdentifier>{e672453e-fd1c-4415-aa82-021ae9d5e670}</UniqueIdentifier>
    </Filter>
    <Filter Include="Source Files\Ghost">
      <UniqueIdentifier>{350e16dd-da14-475b-bf45-9476bedcc381}</UniqueIdentifier>
    </Filter>
    <Filter Include="Header Files\Ghost\States">
      <UniqueIdentifier>{42ab33ce-0ba2-48e3-a6e6-81ac2b61afa1}</UniqueIdentifier>
    </Filter>
    <Filter Include="Source Files\Ghost\States">
      <UniqueIdentifier>{b27ebecc-8c22-4032-a6b1-7053ea17e10d}</UniqueIdentifier>
    </Filter>
    <Filter Include="Header Files\Game">
      <UniqueIdentifier>{400df865-b98f-4d96-afb4-a2b0495fde22}</UniqueIdentifier>
    </Filter>
    <Filter Include="Source Files\Game">
      <UniqueIdentifier>{c43e301c-588e-4593-b006-ab6066b57a54}</UniqueIdentifier>
    </Filter>
    <Filter Include="Header Files\Events">
      <UniqueIdentifier>{1cc6c33c-1a1b-430a-91de-37b202bcb074}</UniqueIdentifier>
    </Filter>
    <Filter Include="Source Files\Events">
      <UniqueIdentifier>{4cd3c99d-c4ce-4ba2-a36c-2b06f4b0cacb}</UniqueIdentifier>
    </Filter>
  </ItemGroup>
  <ItemGroup>
    <None Include="packages.config" />
  </ItemGroup>
  <ItemGroup>
    <ClCompile Include="main.cpp">
      <Filter>Source Files</Filter>
    </ClCompile>
    <ClCompile Include="ClassicMap.cpp">
      <Filter>Source Files\Map</Filter>
    </ClCompile>
    <ClCompile Include="HumanPlayer.cpp">
      <Filter>Source Files\Player</Filter>
    </ClCompile>
    <ClCompile Include="FrightenedState.cpp">
      <Filter>Source Files\Ghost\States</Filter>
    </ClCompile>
    <ClCompile Include="GhostState.cpp">
      <Filter>Source Files\Ghost\States</Filter>
    </ClCompile>
    <ClCompile Include="GhostHouseState.cpp">
      <Filter>Source Files\Ghost\States</Filter>
    </ClCompile>
    <ClCompile Include="ClassicOnePlayerGame.cpp">
      <Filter>Source Files\Game</Filter>
    </ClCompile>
    <ClCompile Include="Draw.cpp">
      <Filter>Source Files</Filter>
    </ClCompile>
    <ClCompile Include="EventQueue.cpp">
      <Filter>Source Files\Events</Filter>
    </ClCompile>
    <ClCompile Include="Event.cpp">
      <Filter>Source Files\Events</Filter>
    </ClCompile>
    <ClCompile Include="ScatterState.cpp">
      <Filter>Source Files\Ghost\States</Filter>
    </ClCompile>
    <ClCompile Include="ChaseState.cpp">
      <Filter>Source Files\Ghost\States</Filter>
    </ClCompile>
    <ClCompile Include="LeaveHouseState.cpp">
      <Filter>Source Files\Ghost\States</Filter>
    </ClCompile>
    <ClCompile Include="BasicGhost.cpp">
      <Filter>Source Files\Ghost</Filter>
    </ClCompile>
    <ClCompile Include="ReturnHouseState.cpp">
      <Filter>Source Files\Ghost\States</Filter>
    </ClCompile>
  </ItemGroup>
  <ItemGroup>
    <ClInclude Include="Map.h">
      <Filter>Header Files\Map</Filter>
    </ClInclude>
    <ClInclude Include="ClassicMap.h">
      <Filter>Header Files\Map</Filter>
    </ClInclude>
    <ClInclude Include="Player.h">
      <Filter>Header Files\Player</Filter>
    </ClInclude>
    <ClInclude Include="HumanPlayer.h">
      <Filter>Header Files\Player</Filter>
    </ClInclude>
    <ClInclude Include="FrightenedState.h">
      <Filter>Header Files\Ghost\States</Filter>
    </ClInclude>
    <ClInclude Include="GhostHouseState.h">
      <Filter>Header Files\Ghost\States</Filter>
    </ClInclude>
    <ClInclude Include="GhostState.h">
      <Filter>Header Files\Ghost\States</Filter>
    </ClInclude>
    <ClInclude Include="Game.h">
      <Filter>Header Files\Game</Filter>
    </ClInclude>
    <ClInclude Include="ClassicOnePlayerGame.h">
      <Filter>Header Files\Game</Filter>
    </ClInclude>
    <ClInclude Include="Draw.h">
      <Filter>Header Files</Filter>
    </ClInclude>
    <ClInclude Include="EventQueue.h">
      <Filter>Header Files\Events</Filter>
    </ClInclude>
    <ClInclude Include="Event.h">
      <Filter>Header Files\Events</Filter>
    </ClInclude>
    <ClInclude Include="Coordinate.h">
      <Filter>Header Files\Map</Filter>
    </ClInclude>
    <ClInclude Include="ScatterState.h">
      <Filter>Header Files\Ghost\States</Filter>
    </ClInclude>
    <ClInclude Include="ChaseState.h">
      <Filter>Header Files\Ghost\States</Filter>
    </ClInclude>
    <ClInclude Include="LeaveHouseState.h">
      <Filter>Header Files\Ghost\States</Filter>
    </ClInclude>
    <ClInclude Include="BasicGhost.h">
      <Filter>Header Files\Ghost</Filter>
    </ClInclude>
    <ClInclude Include="ReturnHouseState.h">
      <Filter>Header Files\Ghost\States</Filter>
    </ClInclude>
  </ItemGroup>
</Project>